github.com/edsrzf/mmap-go v1.0.0 h1:CEBF7HpRnUCSJgGUb5h1Gm7e3VkmVDrR8lvWVLtrOFw=
github.com/edsrzf/mmap-go v1.0.0/go.mod h1:YO35OhQPt3KJa3ryjFM5Bs14WD66h8eGKpfaBNrHW5M=
github.com/go-interpreter/wagon v0.6.0 h1:BBxDxjiJiHgw9EdkYXAWs8NHhwnazZ5P2EWBW5hFNWw=
github.com/go-interpreter/wagon v0.6.0/go.mod h1:5+b/MBYkclRZngKF5s6qrgWxSLgE9F5dFdO1hAueZLc=
github.com/google/pprof v0.0.0-20240727154555-813a5fbdbec8 h1:FKHo8hFI3A+7w0aUQuYXQ+6EN5stWmeY/AZqtM8xk9k=
github.com/google/pprof v0.0.0-20240727154555-813a5fbdbec8/go.mod h1:K1liHPHnj73Fdn/EKuT8nrFqBihUSKXoLYU0BuatOYo=
github.com/twitchyliquid64/golang-asm v0.0.0-20190126203739-365674df15fc h1:RTUQlKzoZZVG3umWNzOYeFecQLIh+dbxXvJp1zPQJTI=
github.com/twitchyliquid64/golang-asm v0.0.0-20190126203739-365674df15fc/go.mod h1:NoCfSFWosfqMqmmD7hApkirIK9ozpHjxRnRxs1l413A=
golang.org/x/sys v0.0.0-20190306220234-b354f8bf4d9e/go.mod h1:STP8DvDyc/dI5b8T5hshtkjS+E42TnysNCUPdjciGhY=
golang.org/x/sys v0.34.0 h1:H5Y5sJ2L2JRdyv7ROF1he/lPdvFsd0mJHFw2ThKHxLA=
golang.org/x/sys v0.34.0/go.mod h1:BJP2sWEmIv4KK5OTEluFJCKSidICx8ciO85XgH3Ak8k=
webtyp.com/base64 v0.0.6 h1:Tkr9Y/s3RLa6yuatk5Tdwdc90NhDP6pNYO1HQG9iIHM=
webtyp.com/base64 v0.0.6/go.mod h1:wH2ocJ0rKbTo34XLsDryH9STDu0Jm2gQXasjh5wDwEw=
webtyp.com/context v0.0.23 h1:T+lH+UteRAPD6gLH8oxW0TBr5aZlJwgfIpmnA4DdFSY=
webtyp.com/context v0.0.23/go.mod h1:SXtpX0NmsG9zoL9B2uYVPy0ZfmXl0C1zyjQkYmuz38Q=
webtyp.com/devbrowser v0.5.14 h1:Q7vypsUhlit1AOqFZtb3/GyIRscXKdEXVhdJTl5+gdc=
webtyp.com/devbrowser v0.5.14/go.mod h1:TbBNOclRUaKB0QoKYix2y2jh/aH8Ovw5DzGdA/MJyxs=
webtyp.com/fetch v0.1.28 h1:Tb8NUBp/5tLWI22U0lg/YPrR1hJtR05a8VUC5UrXyns=
webtyp.com/fetch v0.1.28/go.mod h1:ZX35mkKiyfjnJE9Ix9N+IT1ebFRTLm2fKbU0+eZ2XlA=
webtyp.com/fmt v1.0.0 h1:W0vMMGC6ezg1q2LarAEaVnNvZ26hVqzZdQQH1wcNogM=
webtyp.com/fmt v1.0.0/go.mod h1:FmTxx713R45J21kbH5JOmKGaaCap3fJPA9Yl2n4Ch7U=
webtyp.com/json v0.5.25 h1:f/JUsrtFGq4Sa/UGYI0lWHyY83V+r0li+Q89s3DkqZs=
webtyp.com/json v0.5.25/go.mod h1:KdFRztDe6ZwGP/ih0DR8grO72ru9h1DjZcG1UU5fRrM=
webtyp.com/mcp v0.2.21 h1:c7VPUdtnVzHYM1qWgKnCx9XanWvxWqvb0fRryCYhmuw=
webtyp.com/mcp v0.2.21/go.mod h1:9Wo9DLzo61466JVLnn/3MPFYvPu54OhAIcjuszLZ+/0=
webtyp.com/model v0.1.8 h1:E8btSBmISbH1UHEUEmbrxCRWcX8zv08VvdRgWSAq894=
webtyp.com/model v0.1.8/go.mod h1:OkyYeE3GOG8eAQGhd9wVsORAhr+xYj3q8avpoGXG25c=
webtyp.com/router v0.1.34 h1:KtvURkF22MDitYkdHVbbF+LUTfDDS3F87bWERaXitlM=
webtyp.com/router v0.1.34/go.mod h1:kLFuWaeLtgZhRbfhzn+KRQuuLGa3OMVZbG4+hB3gAsI=
webtyp.com/screenshot v0.0.2 h1:lNRCWXRj2Paah+RbvmwbTYxkhL4KuYRLExRbx9uIL10=
webtyp.com/screenshot v0.0.2/go.mod h1:nBIaxiPxQe4pps3rf23pWyC8XJy2is8o6qAih6o0bCQ=
webtyp.com/time v0.5.5 h1:G7/eAGXJWVHBJqx7lO4K/Zy1FzNXqkW9X6AAhbTmj6E=
webtyp.com/time v0.5.5/go.mod h1:V6ew493Rk+an2mV77vVjytPAbtlsELVZ4O4wGqu4tUI=
webtyp.com/tinygo v1.0.1 h1:kLVBmZL2duyJ4F/lR4T5+KyaPg06QfqEHl7khSOHHuA=
webtyp.com/tinygo v1.0.1/go.mod h1:gMPL6hF9RX1OQUeNBwCTFhfQeGsTWJuwDoyV+6Qye1c=
webtyp.com/unixid v0.2.28 h1:uIZb9zRLQtR4BOsBtJfyI2OcYklCeo1nrRaGqzVXQ9s=
webtyp.com/unixid v0.2.28/go.mod h1:/3O8fu/eCARIrnT6WMu9MpLsAXKdfnVI3s35+m/CbY4=
