github.com/edsrzf/mmap-go v1.0.0 h1:CEBF7HpRnUCSJgGUb5h1Gm7e3VkmVDrR8lvWVLtrOFw=
github.com/edsrzf/mmap-go v1.0.0/go.mod h1:YO35OhQPt3KJa3ryjFM5Bs14WD66h8eGKpfaBNrHW5M=
github.com/go-interpreter/wagon v0.6.0 h1:BBxDxjiJiHgw9EdkYXAWs8NHhwnazZ5P2EWBW5hFNWw=
github.com/go-interpreter/wagon v0.6.0/go.mod h1:5+b/MBYkclRZngKF5s6qrgWxSLgE9F5dFdO1hAueZLc=
github.com/google/pprof v0.0.0-20240727154555-813a5fbdbec8 h1:FKHo8hFI3A+7w0aUQuYXQ+6EN5stWmeY/AZqtM8xk9k=
github.com/google/pprof v0.0.0-20240727154555-813a5fbdbec8/go.mod h1:K1liHPHnj73Fdn/EKuT8nrFqBihUSKXoLYU0BuatOYo=
github.com/twitchyliquid64/golang-asm v0.0.0-20190126203739-365674df15fc h1:RTUQlKzoZZVG3umWNzOYeFecQLIh+dbxXvJp1zPQJTI=
github.com/twitchyliquid64/golang-asm v0.0.0-20190126203739-365674df15fc/go.mod h1:NoCfSFWosfqMqmmD7hApkirIK9ozpHjxRnRxs1l413A=
golang.org/x/sys v0.0.0-20190306220234-b354f8bf4d9e/go.mod h1:STP8DvDyc/dI5b8T5hshtkjS+E42TnysNCUPdjciGhY=
golang.org/x/sys v0.34.0 h1:H5Y5sJ2L2JRdyv7ROF1he/lPdvFsd0mJHFw2ThKHxLA=
golang.org/x/sys v0.34.0/go.mod h1:BJP2sWEmIv4KK5OTEluFJCKSidICx8ciO85XgH3Ak8k=
